// !$*UTF8*$!
{
	archiveVersion = 1;
	classes = {
	};
	objectVersion = 46;
	objects = {

/* Begin PBXBuildFile section */
		6827A82916B4D13F007EA9D2 /* CWorld.m in Sources */ = {isa = PBXBuildFile; fileRef = 6827A82016B4D13F007EA9D2 /* CWorld.m */; };
		6827A82B16B4F3C3007EA9D2 /* audio.plist in Resources */ = {isa = PBXBuildFile; fileRef = 6827A82A16B4F3C3007EA9D2 /* audio.plist */; };
		682E1AE016B94D440051C33A /* select_item.wav in Resources */ = {isa = PBXBuildFile; fileRef = 682E1ADF16B94D440051C33A /* select_item.wav */; };
		682E5E2316D8950300820D6A /* actors.plist in Resources */ = {isa = PBXBuildFile; fileRef = 682E5E2216D8950300820D6A /* actors.plist */; };
		682E5E2616DB3DE200820D6A /* ruffReady-ipad.png in Resources */ = {isa = PBXBuildFile; fileRef = 682E5E2416DB3DE200820D6A /* ruffReady-ipad.png */; };
		682E5E2716DB3DE200820D6A /* ruffReady-ipadhd.png in Resources */ = {isa = PBXBuildFile; fileRef = 682E5E2516DB3DE200820D6A /* ruffReady-ipadhd.png */; };
		682E5E2916DC4A7F00820D6A /* world.plist in Resources */ = {isa = PBXBuildFile; fileRef = 682E5E2816DC4A7F00820D6A /* world.plist */; };
		684546D816C7949800AD018E /* CYoungRuff.m in Sources */ = {isa = PBXBuildFile; fileRef = 684546D716C7949800AD018E /* CYoungRuff.m */; };
		684546DE16C79CD100AD018E /* CGameMechanicsScene.m in Sources */ = {isa = PBXBuildFile; fileRef = 684546DC16C79CD100AD018E /* CGameMechanicsScene.m */; };
		684546E516C8053900AD018E /* title_screen_bg_01-ipadhd.png in Resources */ = {isa = PBXBuildFile; fileRef = 684546E316C8053900AD018E /* title_screen_bg_01-ipadhd.png */; };
		684546E616C8053900AD018E /* title_screen_bg_02-ipadhd.png in Resources */ = {isa = PBXBuildFile; fileRef = 684546E416C8053900AD018E /* title_screen_bg_02-ipadhd.png */; };
		684546E816C8056400AD018E /* RuffSide-ipadhd.png in Resources */ = {isa = PBXBuildFile; fileRef = 684546E716C8056400AD018E /* RuffSide-ipadhd.png */; };
		684546EA16C8057200AD018E /* RuffSide-ipad.png in Resources */ = {isa = PBXBuildFile; fileRef = 684546E916C8057200AD018E /* RuffSide-ipad.png */; };
		686CD76716BB826500E1D733 /* intro_256.caf in Resources */ = {isa = PBXBuildFile; fileRef = 686CD76616BB826500E1D733 /* intro_256.caf */; };
		686CD76916BBB4F700E1D733 /* young_ruff_dash_attack-ipadhd.mp4 in Resources */ = {isa = PBXBuildFile; fileRef = 686CD76816BBB4F700E1D733 /* young_ruff_dash_attack-ipadhd.mp4 */; };
		686D14721729262000D43DBF /* act-01-level-01-part-01-background-001-ipadhd.png in Resources */ = {isa = PBXBuildFile; fileRef = 686D143F1729262000D43DBF /* act-01-level-01-part-01-background-001-ipadhd.png */; };
		686D14731729262000D43DBF /* act-01-level-01-part-01-background-002-ipadhd.png in Resources */ = {isa = PBXBuildFile; fileRef = 686D14401729262000D43DBF /* act-01-level-01-part-01-background-002-ipadhd.png */; };
		686D14741729262000D43DBF /* act-01-level-01-part-01-farBackground-001-ipadhd.png in Resources */ = {isa = PBXBuildFile; fileRef = 686D14421729262000D43DBF /* act-01-level-01-part-01-farBackground-001-ipadhd.png */; };
		686D14751729262000D43DBF /* act-01-level-01-part-01-floorForeground-001-ipadhd.png in Resources */ = {isa = PBXBuildFile; fileRef = 686D14441729262000D43DBF /* act-01-level-01-part-01-floorForeground-001-ipadhd.png */; };
		686D14761729262000D43DBF /* act-01-level-01-part-01-floorForeground-002-ipadhd.png in Resources */ = {isa = PBXBuildFile; fileRef = 686D14451729262000D43DBF /* act-01-level-01-part-01-floorForeground-002-ipadhd.png */; };
		686D14771729262000D43DBF /* act-01-level-01-part-01-floorForeground-003-ipadhd.png in Resources */ = {isa = PBXBuildFile; fileRef = 686D14461729262000D43DBF /* act-01-level-01-part-01-floorForeground-003-ipadhd.png */; };
		686D14781729262000D43DBF /* act-01-level-01-part-01-midground-001-ipadhd.png in Resources */ = {isa = PBXBuildFile; fileRef = 686D14481729262000D43DBF /* act-01-level-01-part-01-midground-001-ipadhd.png */; };
		686D14791729262000D43DBF /* act-01-level-01-part-01-midground-002-ipadhd.png in Resources */ = {isa = PBXBuildFile; fileRef = 686D14491729262000D43DBF /* act-01-level-01-part-01-midground-002-ipadhd.png */; };
		686D147A1729262000D43DBF /* act-01-level-01-part-01-midground-003-ipadhd.png in Resources */ = {isa = PBXBuildFile; fileRef = 686D144A1729262000D43DBF /* act-01-level-01-part-01-midground-003-ipadhd.png */; };
		686D147B1729262000D43DBF /* act-01-level-01-part-01-skyBackground-001-ipadhd.png in Resources */ = {isa = PBXBuildFile; fileRef = 686D144C1729262000D43DBF /* act-01-level-01-part-01-skyBackground-001-ipadhd.png */; };
		686D147C1729262000D43DBF /* act-01-level-01-part-01-skyBackground-002-ipadhd.png in Resources */ = {isa = PBXBuildFile; fileRef = 686D144D1729262000D43DBF /* act-01-level-01-part-01-skyBackground-002-ipadhd.png */; };
		686D147D1729262000D43DBF /* act-01-level-01-part-01-skyBackground-003-ipadhd.png in Resources */ = {isa = PBXBuildFile; fileRef = 686D144E1729262000D43DBF /* act-01-level-01-part-01-skyBackground-003-ipadhd.png */; };
		686D147E1729262000D43DBF /* act-01-level-01-part-01-skyBackground-004-ipadhd.png in Resources */ = {isa = PBXBuildFile; fileRef = 686D144F1729262000D43DBF /* act-01-level-01-part-01-skyBackground-004-ipadhd.png */; };
		686D147F1729262000D43DBF /* act-01-level-01-part-01-skyBackground-005-ipadhd.png in Resources */ = {isa = PBXBuildFile; fileRef = 686D14501729262000D43DBF /* act-01-level-01-part-01-skyBackground-005-ipadhd.png */; };
		686D14801729262000D43DBF /* act-01-level-01-part-01-skyBackground-006-ipadhd.png in Resources */ = {isa = PBXBuildFile; fileRef = 686D14511729262000D43DBF /* act-01-level-01-part-01-skyBackground-006-ipadhd.png */; };
		686D14811729262000D43DBF /* control-jump-attack-ipadhd.png in Resources */ = {isa = PBXBuildFile; fileRef = 686D14541729262000D43DBF /* control-jump-attack-ipadhd.png */; };
		686D14821729262000D43DBF /* control-left-right-ipadhd.png in Resources */ = {isa = PBXBuildFile; fileRef = 686D14551729262000D43DBF /* control-left-right-ipadhd.png */; };
		686D14831729262000D43DBF /* act-01-level-01-part-01-background-001-ipad.png in Resources */ = {isa = PBXBuildFile; fileRef = 686D145B1729262000D43DBF /* act-01-level-01-part-01-background-001-ipad.png */; };
		686D14841729262000D43DBF /* act-01-level-01-part-01-background-002-ipad.png in Resources */ = {isa = PBXBuildFile; fileRef = 686D145C1729262000D43DBF /* act-01-level-01-part-01-background-002-ipad.png */; };
		686D14851729262000D43DBF /* act-01-level-01-part-01-farBackground-001-ipad.png in Resources */ = {isa = PBXBuildFile; fileRef = 686D145E1729262000D43DBF /* act-01-level-01-part-01-farBackground-001-ipad.png */; };
		686D14861729262000D43DBF /* act-01-level-01-part-01-floorForeground-001-ipad.png in Resources */ = {isa = PBXBuildFile; fileRef = 686D14601729262000D43DBF /* act-01-level-01-part-01-floorForeground-001-ipad.png */; };
		686D14871729262000D43DBF /* act-01-level-01-part-01-floorForeground-002-ipad.png in Resources */ = {isa = PBXBuildFile; fileRef = 686D14611729262000D43DBF /* act-01-level-01-part-01-floorForeground-002-ipad.png */; };
		686D14881729262000D43DBF /* act-01-level-01-part-01-floorForeground-003-ipad.png in Resources */ = {isa = PBXBuildFile; fileRef = 686D14621729262000D43DBF /* act-01-level-01-part-01-floorForeground-003-ipad.png */; };
		686D14891729262000D43DBF /* act-01-level-01-part-01-midground-001-ipad.png in Resources */ = {isa = PBXBuildFile; fileRef = 686D14641729262000D43DBF /* act-01-level-01-part-01-midground-001-ipad.png */; };
		686D148A1729262000D43DBF /* act-01-level-01-part-01-midground-002-ipad.png in Resources */ = {isa = PBXBuildFile; fileRef = 686D14651729262000D43DBF /* act-01-level-01-part-01-midground-002-ipad.png */; };
		686D148B1729262000D43DBF /* act-01-level-01-part-01-midground-003-ipad.png in Resources */ = {isa = PBXBuildFile; fileRef = 686D14661729262000D43DBF /* act-01-level-01-part-01-midground-003-ipad.png */; };
		686D148C1729262000D43DBF /* act-01-level-01-part-01-skyBackground-001-ipad.png in Resources */ = {isa = PBXBuildFile; fileRef = 686D14681729262000D43DBF /* act-01-level-01-part-01-skyBackground-001-ipad.png */; };
		686D148D1729262000D43DBF /* act-01-level-01-part-01-skyBackground-002-ipad.png in Resources */ = {isa = PBXBuildFile; fileRef = 686D14691729262000D43DBF /* act-01-level-01-part-01-skyBackground-002-ipad.png */; };
		686D148E1729262000D43DBF /* act-01-level-01-part-01-skyBackground-003-ipad.png in Resources */ = {isa = PBXBuildFile; fileRef = 686D146A1729262000D43DBF /* act-01-level-01-part-01-skyBackground-003-ipad.png */; };
		686D148F1729262000D43DBF /* act-01-level-01-part-01-skyBackground-004-ipad.png in Resources */ = {isa = PBXBuildFile; fileRef = 686D146B1729262000D43DBF /* act-01-level-01-part-01-skyBackground-004-ipad.png */; };
		686D14901729262000D43DBF /* act-01-level-01-part-01-skyBackground-005-ipad.png in Resources */ = {isa = PBXBuildFile; fileRef = 686D146C1729262000D43DBF /* act-01-level-01-part-01-skyBackground-005-ipad.png */; };
		686D14911729262000D43DBF /* act-01-level-01-part-01-skyBackground-006-ipad.png in Resources */ = {isa = PBXBuildFile; fileRef = 686D146D1729262000D43DBF /* act-01-level-01-part-01-skyBackground-006-ipad.png */; };
		686D14921729262000D43DBF /* control-jump-attack-ipad.png in Resources */ = {isa = PBXBuildFile; fileRef = 686D14701729262000D43DBF /* control-jump-attack-ipad.png */; };
		686D14931729262000D43DBF /* control-left-right-ipad.png in Resources */ = {isa = PBXBuildFile; fileRef = 686D14711729262000D43DBF /* control-left-right-ipad.png */; };
		687BA00716F8153300CECAB6 /* KKMutablePixelMaskSprite.m in Sources */ = {isa = PBXBuildFile; fileRef = 687BA00516F8153300CECAB6 /* KKMutablePixelMaskSprite.m */; };
		687BA00D16F99A5900CECAB6 /* CCSpriteFrameExtended.m in Sources */ = {isa = PBXBuildFile; fileRef = 687BA00B16F99A5900CECAB6 /* CCSpriteFrameExtended.m */; };
		687C2F3416B7DD2B00E231F9 /* title_screen.caf in Resources */ = {isa = PBXBuildFile; fileRef = 687C2F3316B7DD2B00E231F9 /* title_screen.caf */; };
		687C2F3916B7F67F00E231F9 /* assets.plist in Resources */ = {isa = PBXBuildFile; fileRef = 687C2F3516B7F67F00E231F9 /* assets.plist */; };
		687C2F3A16B7F67F00E231F9 /* graphics.plist in Resources */ = {isa = PBXBuildFile; fileRef = 687C2F3616B7F67F00E231F9 /* graphics.plist */; };
		687C2F3B16B7F67F00E231F9 /* levels.plist in Resources */ = {isa = PBXBuildFile; fileRef = 687C2F3716B7F67F00E231F9 /* levels.plist */; };
		687C2F4416B80EDD00E231F9 /* CGame.m in Sources */ = {isa = PBXBuildFile; fileRef = 687C2F4316B80EDC00E231F9 /* CGame.m */; };
		687C2F4D16B89EA300E231F9 /* CTitleScreenScene.m in Sources */ = {isa = PBXBuildFile; fileRef = 687C2F4B16B89EA300E231F9 /* CTitleScreenScene.m */; };
		687C2F5216B8BAB200E231F9 /* title_screen_bg_01-ipad.png in Resources */ = {isa = PBXBuildFile; fileRef = 687C2F4F16B8BAB100E231F9 /* title_screen_bg_01-ipad.png */; };
		687C2F5316B8BAB200E231F9 /* title_screen_bg_02-ipad.png in Resources */ = {isa = PBXBuildFile; fileRef = 687C2F5016B8BAB100E231F9 /* title_screen_bg_02-ipad.png */; };
		68918B96170E94F30061320C /* CHudLayer.m in Sources */ = {isa = PBXBuildFile; fileRef = 68918B94170E94F30061320C /* CHudLayer.m */; };
		68A1412616FC41DC00470272 /* ruff-sprite-sheet-ipad.pvr.ccz in Resources */ = {isa = PBXBuildFile; fileRef = 68A1412216FC41DC00470272 /* ruff-sprite-sheet-ipad.pvr.ccz */; };
		68A1412716FC41DC00470272 /* ruff-sprite-sheet-ipadhd.pvr.ccz in Resources */ = {isa = PBXBuildFile; fileRef = 68A1412316FC41DC00470272 /* ruff-sprite-sheet-ipadhd.pvr.ccz */; };
		68A1412816FC41DC00470272 /* ruff-sprite-sheet-ipad.plist in Resources */ = {isa = PBXBuildFile; fileRef = 68A1412416FC41DC00470272 /* ruff-sprite-sheet-ipad.plist */; };
		68A1412916FC41DC00470272 /* ruff-sprite-sheet-ipadhd.plist in Resources */ = {isa = PBXBuildFile; fileRef = 68A1412516FC41DC00470272 /* ruff-sprite-sheet-ipadhd.plist */; };
		68A1412B16FC43F400470272 /* titleFixed-ipadhd.png in Resources */ = {isa = PBXBuildFile; fileRef = 68A1412A16FC43F400470272 /* titleFixed-ipadhd.png */; };
		68A1412D16FC446500470272 /* titleFixed-ipad.png in Resources */ = {isa = PBXBuildFile; fileRef = 68A1412C16FC446500470272 /* titleFixed-ipad.png */; };
		68A4C67F16D5FA38001E1934 /* CLevel.m in Sources */ = {isa = PBXBuildFile; fileRef = 68A4C67E16D5FA38001E1934 /* CLevel.m */; };
		68B0F3EE17191937004B86F9 /* platforms-sprite-sheet-ipad.pvr.ccz in Resources */ = {isa = PBXBuildFile; fileRef = 68B0F3EA17191937004B86F9 /* platforms-sprite-sheet-ipad.pvr.ccz */; };
		68B0F3EF17191937004B86F9 /* platforms-sprite-sheet-ipadhd.pvr.ccz in Resources */ = {isa = PBXBuildFile; fileRef = 68B0F3EB17191937004B86F9 /* platforms-sprite-sheet-ipadhd.pvr.ccz */; };
		68B0F3F017191937004B86F9 /* platforms-sprite-sheet-ipad.plist in Resources */ = {isa = PBXBuildFile; fileRef = 68B0F3EC17191937004B86F9 /* platforms-sprite-sheet-ipad.plist */; };
		68B0F3F117191937004B86F9 /* platforms-sprite-sheet-ipadhd.plist in Resources */ = {isa = PBXBuildFile; fileRef = 68B0F3ED17191937004B86F9 /* platforms-sprite-sheet-ipadhd.plist */; };
		68BD608A16EC7FE800E1D70D /* blackPlatform-ipad.png in Resources */ = {isa = PBXBuildFile; fileRef = 68BD608816EC7FE800E1D70D /* blackPlatform-ipad.png */; };
		68BD608B16EC7FE800E1D70D /* blackPlatform-ipadhd.png in Resources */ = {isa = PBXBuildFile; fileRef = 68BD608916EC7FE800E1D70D /* blackPlatform-ipadhd.png */; };
		68E8918D16F1A37300CDEED6 /* greenPlatform-ipad.png in Resources */ = {isa = PBXBuildFile; fileRef = 68E8918B16F1A37300CDEED6 /* greenPlatform-ipad.png */; };
		68E8918E16F1A37300CDEED6 /* greenPlatform-ipadhd.png in Resources */ = {isa = PBXBuildFile; fileRef = 68E8918C16F1A37300CDEED6 /* greenPlatform-ipadhd.png */; };
		68E8919116F43DA300CDEED6 /* floor-ipad.png in Resources */ = {isa = PBXBuildFile; fileRef = 68E8918F16F43DA300CDEED6 /* floor-ipad.png */; };
		68E8919216F43DA300CDEED6 /* floor-ipadhd.png in Resources */ = {isa = PBXBuildFile; fileRef = 68E8919016F43DA300CDEED6 /* floor-ipadhd.png */; };
		DC2721BD160CB0B200D88944 /* Default-568h@2x.png in Resources */ = {isa = PBXBuildFile; fileRef = DC2721BC160CB0B200D88944 /* Default-568h@2x.png */; };
		DC3C6FCD14B8BFEA00DAD281 /* fps_images-hd.png in Resources */ = {isa = PBXBuildFile; fileRef = DC3C6FCC14B8BFEA00DAD281 /* fps_images-hd.png */; };
		DC3C6FCE14B8BFEA00DAD281 /* fps_images-hd.png in Resources */ = {isa = PBXBuildFile; fileRef = DC3C6FCC14B8BFEA00DAD281 /* fps_images-hd.png */; };
		DC485B1113AA0E5600F2BC70 /* libchipmunk-mac.a in Frameworks */ = {isa = PBXBuildFile; fileRef = DC485B0D13AA0E5600F2BC70 /* libchipmunk-mac.a */; };
		DC485B1713AA0EBB00F2BC70 /* libbox2d-mac.a in Frameworks */ = {isa = PBXBuildFile; fileRef = DC485B1613AA0EBB00F2BC70 /* libbox2d-mac.a */; };
		DC485B4613AA18A600F2BC70 /* libcocosdenshion-mac.a in Frameworks */ = {isa = PBXBuildFile; fileRef = DC485B4513AA18A600F2BC70 /* libcocosdenshion-mac.a */; };
		DC65615C13A969B600A7AC53 /* libbox2d-ios.a in Frameworks */ = {isa = PBXBuildFile; fileRef = DC65615013A969B600A7AC53 /* libbox2d-ios.a */; };
		DC65615D13A969B600A7AC53 /* libchipmunk-ios.a in Frameworks */ = {isa = PBXBuildFile; fileRef = DC65615113A969B600A7AC53 /* libchipmunk-ios.a */; };
		DC65615E13A969B600A7AC53 /* libchipmunk-spacemanager-ios.a in Frameworks */ = {isa = PBXBuildFile; fileRef = DC65615213A969B600A7AC53 /* libchipmunk-spacemanager-ios.a */; };
		DC65616013A969B600A7AC53 /* libcocos2d-extensions-ios.a in Frameworks */ = {isa = PBXBuildFile; fileRef = DC65615413A969B600A7AC53 /* libcocos2d-extensions-ios.a */; };
		DC65616113A969B600A7AC53 /* libcocos2d-ios.a in Frameworks */ = {isa = PBXBuildFile; fileRef = DC65615513A969B600A7AC53 /* libcocos2d-ios.a */; };
		DC65616213A969B600A7AC53 /* libcocos3d-ios.a in Frameworks */ = {isa = PBXBuildFile; fileRef = DC65615613A969B600A7AC53 /* libcocos3d-ios.a */; };
		DC65616313A969B600A7AC53 /* libcocosdenshion-ios.a in Frameworks */ = {isa = PBXBuildFile; fileRef = DC65615713A969B600A7AC53 /* libcocosdenshion-ios.a */; };
		DC65616413A969B600A7AC53 /* libkobold2d-ios.a in Frameworks */ = {isa = PBXBuildFile; fileRef = DC65615813A969B600A7AC53 /* libkobold2d-ios.a */; };
		DC65616513A969B600A7AC53 /* libobjectal-ios.a in Frameworks */ = {isa = PBXBuildFile; fileRef = DC65615913A969B600A7AC53 /* libobjectal-ios.a */; };
		DC65616613A969B600A7AC53 /* libsneakyinput-ios.a in Frameworks */ = {isa = PBXBuildFile; fileRef = DC65615A13A969B600A7AC53 /* libsneakyinput-ios.a */; };
		DC65618615114C6A00E59F8A /* fps_images-ipadhd.png in Resources */ = {isa = PBXBuildFile; fileRef = DC65618515114C6A00E59F8A /* fps_images-ipadhd.png */; };
		DC979E3E13B35F8800656CB9 /* libcocos2d-extensions-mac.a in Frameworks */ = {isa = PBXBuildFile; fileRef = DC979E3D13B35F8800656CB9 /* libcocos2d-extensions-mac.a */; };
		DC979E5A13B3607E00656CB9 /* libchipmunk-spacemanager-mac.a in Frameworks */ = {isa = PBXBuildFile; fileRef = DC979E5913B3607E00656CB9 /* libchipmunk-spacemanager-mac.a */; };
		DCC1A0FA13A94ED5005BD75D /* Default.png in Resources */ = {isa = PBXBuildFile; fileRef = DCC1A0F913A94ED5005BD75D /* Default.png */; };
		DCC1A0FC13A94ED5005BD75D /* fps_images.png in Resources */ = {isa = PBXBuildFile; fileRef = DCC1A0FB13A94ED5005BD75D /* fps_images.png */; };
		DCC1A0FE13A94ED5005BD75D /* Icon-72.png in Resources */ = {isa = PBXBuildFile; fileRef = DCC1A0FD13A94ED5005BD75D /* Icon-72.png */; };
		DCC1A10013A94ED5005BD75D /* Icon-Small-50.png in Resources */ = {isa = PBXBuildFile; fileRef = DCC1A0FF13A94ED5005BD75D /* Icon-Small-50.png */; };
		DCC1A10213A94ED5005BD75D /* Icon-Small.png in Resources */ = {isa = PBXBuildFile; fileRef = DCC1A10113A94ED5005BD75D /* Icon-Small.png */; };
		DCC1A10413A94ED5005BD75D /* Icon-Small@2x.png in Resources */ = {isa = PBXBuildFile; fileRef = DCC1A10313A94ED5005BD75D /* Icon-Small@2x.png */; };
		DCC1A10613A94ED5005BD75D /* Icon.png in Resources */ = {isa = PBXBuildFile; fileRef = DCC1A10513A94ED5005BD75D /* Icon.png */; };
		DCC1A10813A94ED5005BD75D /* Icon@2x.png in Resources */ = {isa = PBXBuildFile; fileRef = DCC1A10713A94ED5005BD75D /* Icon@2x.png */; };
		DCC1A10B13A94ED5005BD75D /* iTunesArtwork in Resources */ = {isa = PBXBuildFile; fileRef = DCC1A10A13A94ED5005BD75D /* iTunesArtwork */; };
		DCC1A26913A94EE6005BD75D /* InfoPlist.strings in Resources */ = {isa = PBXBuildFile; fileRef = DCC1A26713A94EE6005BD75D /* InfoPlist.strings */; };
		DCC1A26C13A94EE6005BD75D /* MainMenu.xib in Resources */ = {isa = PBXBuildFile; fileRef = DCC1A26A13A94EE6005BD75D /* MainMenu.xib */; };
		DCC1A26E13A94EE6005BD75D /* fps_images.png in Resources */ = {isa = PBXBuildFile; fileRef = DCC1A26D13A94EE6005BD75D /* fps_images.png */; };
		DCC1A27013A94EE6005BD75D /* icon.icns in Resources */ = {isa = PBXBuildFile; fileRef = DCC1A26F13A94EE6005BD75D /* icon.icns */; };
		DCC1A3A913A94F1A005BD75D /* AppDelegate.m in Sources */ = {isa = PBXBuildFile; fileRef = DCC1A38E13A94F1A005BD75D /* AppDelegate.m */; };
		DCC1A3AA13A94F1A005BD75D /* AppDelegate.m in Sources */ = {isa = PBXBuildFile; fileRef = DCC1A38E13A94F1A005BD75D /* AppDelegate.m */; };
		DCC1A3AD13A94F1A005BD75D /* main.m in Sources */ = {isa = PBXBuildFile; fileRef = DCC1A39113A94F1A005BD75D /* main.m */; };
		DCC1A3AE13A94F1A005BD75D /* main.m in Sources */ = {isa = PBXBuildFile; fileRef = DCC1A39113A94F1A005BD75D /* main.m */; };
		DCC1A3AF13A94F1A005BD75D /* config.lua in Resources */ = {isa = PBXBuildFile; fileRef = DCC1A39513A94F1A005BD75D /* config.lua */; };
		DCC1A3B013A94F1A005BD75D /* config.lua in Resources */ = {isa = PBXBuildFile; fileRef = DCC1A39513A94F1A005BD75D /* config.lua */; };
		DCF95CD213A97EC500AE3B80 /* libcocos2d-mac.a in Frameworks */ = {isa = PBXBuildFile; fileRef = DCF95CC913A97EC500AE3B80 /* libcocos2d-mac.a */; };
		DCF95CD413A97EC500AE3B80 /* libkobold2d-mac.a in Frameworks */ = {isa = PBXBuildFile; fileRef = DCF95CCB13A97EC500AE3B80 /* libkobold2d-mac.a */; };
		E618D31916B5E40900CEF65F /* CActor.m in Sources */ = {isa = PBXBuildFile; fileRef = E618D31816B5E40900CEF65F /* CActor.m */; };
/* End PBXBuildFile section */

/* Begin PBXFileReference section */
		6827A81F16B4D13F007EA9D2 /* CWorld.h */ = {isa = PBXFileReference; fileEncoding = 4; lastKnownFileType = sourcecode.c.h; path = CWorld.h; sourceTree = "<group>"; };
		6827A82016B4D13F007EA9D2 /* CWorld.m */ = {isa = PBXFileReference; fileEncoding = 4; lastKnownFileType = sourcecode.c.objc; path = CWorld.m; sourceTree = "<group>"; };
		6827A82A16B4F3C3007EA9D2 /* audio.plist */ = {isa = PBXFileReference; fileEncoding = 4; lastKnownFileType = text.plist.xml; path = audio.plist; sourceTree = "<group>"; };
		682E1ADF16B94D440051C33A /* select_item.wav */ = {isa = PBXFileReference; lastKnownFileType = audio.wav; path = select_item.wav; sourceTree = "<group>"; };
		682E5E2216D8950300820D6A /* actors.plist */ = {isa = PBXFileReference; fileEncoding = 4; lastKnownFileType = text.plist.xml; path = actors.plist; sourceTree = "<group>"; };
		682E5E2416DB3DE200820D6A /* ruffReady-ipad.png */ = {isa = PBXFileReference; lastKnownFileType = image.png; path = "ruffReady-ipad.png"; sourceTree = "<group>"; };
		682E5E2516DB3DE200820D6A /* ruffReady-ipadhd.png */ = {isa = PBXFileReference; lastKnownFileType = image.png; path = "ruffReady-ipadhd.png"; sourceTree = "<group>"; };
		682E5E2816DC4A7F00820D6A /* world.plist */ = {isa = PBXFileReference; fileEncoding = 4; lastKnownFileType = text.plist.xml; path = world.plist; sourceTree = "<group>"; };
		684546D616C7949800AD018E /* CYoungRuff.h */ = {isa = PBXFileReference; fileEncoding = 4; lastKnownFileType = sourcecode.c.h; name = CYoungRuff.h; path = Projectfiles/ActorClasses/CYoungRuff.h; sourceTree = SOURCE_ROOT; };
		684546D716C7949800AD018E /* CYoungRuff.m */ = {isa = PBXFileReference; fileEncoding = 4; lastKnownFileType = sourcecode.c.objc; name = CYoungRuff.m; path = Projectfiles/ActorClasses/CYoungRuff.m; sourceTree = SOURCE_ROOT; };
		684546DC16C79CD100AD018E /* CGameMechanicsScene.m */ = {isa = PBXFileReference; fileEncoding = 4; lastKnownFileType = sourcecode.c.objc; name = CGameMechanicsScene.m; path = GameScenes/CGameMechanicsScene.m; sourceTree = "<group>"; };
		684546DD16C79CD100AD018E /* CGameMechanicsScene.h */ = {isa = PBXFileReference; fileEncoding = 4; lastKnownFileType = sourcecode.c.h; name = CGameMechanicsScene.h; path = GameScenes/CGameMechanicsScene.h; sourceTree = "<group>"; };
		684546E316C8053900AD018E /* title_screen_bg_01-ipadhd.png */ = {isa = PBXFileReference; lastKnownFileType = image.png; path = "title_screen_bg_01-ipadhd.png"; sourceTree = "<group>"; };
		684546E416C8053900AD018E /* title_screen_bg_02-ipadhd.png */ = {isa = PBXFileReference; lastKnownFileType = image.png; path = "title_screen_bg_02-ipadhd.png"; sourceTree = "<group>"; };
		684546E716C8056400AD018E /* RuffSide-ipadhd.png */ = {isa = PBXFileReference; lastKnownFileType = image.png; path = "RuffSide-ipadhd.png"; sourceTree = "<group>"; };
		684546E916C8057200AD018E /* RuffSide-ipad.png */ = {isa = PBXFileReference; lastKnownFileType = image.png; path = "RuffSide-ipad.png"; sourceTree = "<group>"; };
		686CD76616BB826500E1D733 /* intro_256.caf */ = {isa = PBXFileReference; lastKnownFileType = file; path = intro_256.caf; sourceTree = "<group>"; };
		686CD76816BBB4F700E1D733 /* young_ruff_dash_attack-ipadhd.mp4 */ = {isa = PBXFileReference; lastKnownFileType = file; path = "young_ruff_dash_attack-ipadhd.mp4"; sourceTree = "<group>"; };
		686D143F1729262000D43DBF /* act-01-level-01-part-01-background-001-ipadhd.png */ = {isa = PBXFileReference; lastKnownFileType = image.png; path = "act-01-level-01-part-01-background-001-ipadhd.png"; sourceTree = "<group>"; };
		686D14401729262000D43DBF /* act-01-level-01-part-01-background-002-ipadhd.png */ = {isa = PBXFileReference; lastKnownFileType = image.png; path = "act-01-level-01-part-01-background-002-ipadhd.png"; sourceTree = "<group>"; };
		686D14421729262000D43DBF /* act-01-level-01-part-01-farBackground-001-ipadhd.png */ = {isa = PBXFileReference; lastKnownFileType = image.png; path = "act-01-level-01-part-01-farBackground-001-ipadhd.png"; sourceTree = "<group>"; };
		686D14441729262000D43DBF /* act-01-level-01-part-01-floorForeground-001-ipadhd.png */ = {isa = PBXFileReference; lastKnownFileType = image.png; path = "act-01-level-01-part-01-floorForeground-001-ipadhd.png"; sourceTree = "<group>"; };
		686D14451729262000D43DBF /* act-01-level-01-part-01-floorForeground-002-ipadhd.png */ = {isa = PBXFileReference; lastKnownFileType = image.png; path = "act-01-level-01-part-01-floorForeground-002-ipadhd.png"; sourceTree = "<group>"; };
		686D14461729262000D43DBF /* act-01-level-01-part-01-floorForeground-003-ipadhd.png */ = {isa = PBXFileReference; lastKnownFileType = image.png; path = "act-01-level-01-part-01-floorForeground-003-ipadhd.png"; sourceTree = "<group>"; };
		686D14481729262000D43DBF /* act-01-level-01-part-01-midground-001-ipadhd.png */ = {isa = PBXFileReference; lastKnownFileType = image.png; path = "act-01-level-01-part-01-midground-001-ipadhd.png"; sourceTree = "<group>"; };
		686D14491729262000D43DBF /* act-01-level-01-part-01-midground-002-ipadhd.png */ = {isa = PBXFileReference; lastKnownFileType = image.png; path = "act-01-level-01-part-01-midground-002-ipadhd.png"; sourceTree = "<group>"; };
		686D144A1729262000D43DBF /* act-01-level-01-part-01-midground-003-ipadhd.png */ = {isa = PBXFileReference; lastKnownFileType = image.png; path = "act-01-level-01-part-01-midground-003-ipadhd.png"; sourceTree = "<group>"; };
		686D144C1729262000D43DBF /* act-01-level-01-part-01-skyBackground-001-ipadhd.png */ = {isa = PBXFileReference; lastKnownFileType = image.png; path = "act-01-level-01-part-01-skyBackground-001-ipadhd.png"; sourceTree = "<group>"; };
		686D144D1729262000D43DBF /* act-01-level-01-part-01-skyBackground-002-ipadhd.png */ = {isa = PBXFileReference; lastKnownFileType = image.png; path = "act-01-level-01-part-01-skyBackground-002-ipadhd.png"; sourceTree = "<group>"; };
		686D144E1729262000D43DBF /* act-01-level-01-part-01-skyBackground-003-ipadhd.png */ = {isa = PBXFileReference; lastKnownFileType = image.png; path = "act-01-level-01-part-01-skyBackground-003-ipadhd.png"; sourceTree = "<group>"; };
		686D144F1729262000D43DBF /* act-01-level-01-part-01-skyBackground-004-ipadhd.png */ = {isa = PBXFileReference; lastKnownFileType = image.png; path = "act-01-level-01-part-01-skyBackground-004-ipadhd.png"; sourceTree = "<group>"; };
		686D14501729262000D43DBF /* act-01-level-01-part-01-skyBackground-005-ipadhd.png */ = {isa = PBXFileReference; lastKnownFileType = image.png; path = "act-01-level-01-part-01-skyBackground-005-ipadhd.png"; sourceTree = "<group>"; };
		686D14511729262000D43DBF /* act-01-level-01-part-01-skyBackground-006-ipadhd.png */ = {isa = PBXFileReference; lastKnownFileType = image.png; path = "act-01-level-01-part-01-skyBackground-006-ipadhd.png"; sourceTree = "<group>"; };
		686D14541729262000D43DBF /* control-jump-attack-ipadhd.png */ = {isa = PBXFileReference; lastKnownFileType = image.png; path = "control-jump-attack-ipadhd.png"; sourceTree = "<group>"; };
		686D14551729262000D43DBF /* control-left-right-ipadhd.png */ = {isa = PBXFileReference; lastKnownFileType = image.png; path = "control-left-right-ipadhd.png"; sourceTree = "<group>"; };
		686D145B1729262000D43DBF /* act-01-level-01-part-01-background-001-ipad.png */ = {isa = PBXFileReference; lastKnownFileType = image.png; path = "act-01-level-01-part-01-background-001-ipad.png"; sourceTree = "<group>"; };
		686D145C1729262000D43DBF /* act-01-level-01-part-01-background-002-ipad.png */ = {isa = PBXFileReference; lastKnownFileType = image.png; path = "act-01-level-01-part-01-background-002-ipad.png"; sourceTree = "<group>"; };
		686D145E1729262000D43DBF /* act-01-level-01-part-01-farBackground-001-ipad.png */ = {isa = PBXFileReference; lastKnownFileType = image.png; path = "act-01-level-01-part-01-farBackground-001-ipad.png"; sourceTree = "<group>"; };
		686D14601729262000D43DBF /* act-01-level-01-part-01-floorForeground-001-ipad.png */ = {isa = PBXFileReference; lastKnownFileType = image.png; path = "act-01-level-01-part-01-floorForeground-001-ipad.png"; sourceTree = "<group>"; };
		686D14611729262000D43DBF /* act-01-level-01-part-01-floorForeground-002-ipad.png */ = {isa = PBXFileReference; lastKnownFileType = image.png; path = "act-01-level-01-part-01-floorForeground-002-ipad.png"; sourceTree = "<group>"; };
		686D14621729262000D43DBF /* act-01-level-01-part-01-floorForeground-003-ipad.png */ = {isa = PBXFileReference; lastKnownFileType = image.png; path = "act-01-level-01-part-01-floorForeground-003-ipad.png"; sourceTree = "<group>"; };
		686D14641729262000D43DBF /* act-01-level-01-part-01-midground-001-ipad.png */ = {isa = PBXFileReference; lastKnownFileType = image.png; path = "act-01-level-01-part-01-midground-001-ipad.png"; sourceTree = "<group>"; };
		686D14651729262000D43DBF /* act-01-level-01-part-01-midground-002-ipad.png */ = {isa = PBXFileReference; lastKnownFileType = image.png; path = "act-01-level-01-part-01-midground-002-ipad.png"; sourceTree = "<group>"; };
		686D14661729262000D43DBF /* act-01-level-01-part-01-midground-003-ipad.png */ = {isa = PBXFileReference; lastKnownFileType = image.png; path = "act-01-level-01-part-01-midground-003-ipad.png"; sourceTree = "<group>"; };
		686D14681729262000D43DBF /* act-01-level-01-part-01-skyBackground-001-ipad.png */ = {isa = PBXFileReference; lastKnownFileType = image.png; path = "act-01-level-01-part-01-skyBackground-001-ipad.png"; sourceTree = "<group>"; };
		686D14691729262000D43DBF /* act-01-level-01-part-01-skyBackground-002-ipad.png */ = {isa = PBXFileReference; lastKnownFileType = image.png; path = "act-01-level-01-part-01-skyBackground-002-ipad.png"; sourceTree = "<group>"; };
		686D146A1729262000D43DBF /* act-01-level-01-part-01-skyBackground-003-ipad.png */ = {isa = PBXFileReference; lastKnownFileType = image.png; path = "act-01-level-01-part-01-skyBackground-003-ipad.png"; sourceTree = "<group>"; };
		686D146B1729262000D43DBF /* act-01-level-01-part-01-skyBackground-004-ipad.png */ = {isa = PBXFileReference; lastKnownFileType = image.png; path = "act-01-level-01-part-01-skyBackground-004-ipad.png"; sourceTree = "<group>"; };
		686D146C1729262000D43DBF /* act-01-level-01-part-01-skyBackground-005-ipad.png */ = {isa = PBXFileReference; lastKnownFileType = image.png; path = "act-01-level-01-part-01-skyBackground-005-ipad.png"; sourceTree = "<group>"; };
		686D146D1729262000D43DBF /* act-01-level-01-part-01-skyBackground-006-ipad.png */ = {isa = PBXFileReference; lastKnownFileType = image.png; path = "act-01-level-01-part-01-skyBackground-006-ipad.png"; sourceTree = "<group>"; };
		686D14701729262000D43DBF /* control-jump-attack-ipad.png */ = {isa = PBXFileReference; lastKnownFileType = image.png; path = "control-jump-attack-ipad.png"; sourceTree = "<group>"; };
		686D14711729262000D43DBF /* control-left-right-ipad.png */ = {isa = PBXFileReference; lastKnownFileType = image.png; path = "control-left-right-ipad.png"; sourceTree = "<group>"; };
		687BA00516F8153300CECAB6 /* KKMutablePixelMaskSprite.m */ = {isa = PBXFileReference; fileEncoding = 4; lastKnownFileType = sourcecode.c.objc; name = KKMutablePixelMaskSprite.m; path = ExtendedClasses/KKMutablePixelMaskSprite.m; sourceTree = "<group>"; };
		687BA00616F8153300CECAB6 /* KKMutablePixelMaskSprite.h */ = {isa = PBXFileReference; fileEncoding = 4; lastKnownFileType = sourcecode.c.h; name = KKMutablePixelMaskSprite.h; path = ExtendedClasses/KKMutablePixelMaskSprite.h; sourceTree = "<group>"; };
		687BA00B16F99A5900CECAB6 /* CCSpriteFrameExtended.m */ = {isa = PBXFileReference; fileEncoding = 4; lastKnownFileType = sourcecode.c.objc; name = CCSpriteFrameExtended.m; path = ExtendedClasses/CCSpriteFrameExtended.m; sourceTree = "<group>"; };
		687BA00C16F99A5900CECAB6 /* CCSpriteFrameExtended.h */ = {isa = PBXFileReference; fileEncoding = 4; lastKnownFileType = sourcecode.c.h; name = CCSpriteFrameExtended.h; path = ExtendedClasses/CCSpriteFrameExtended.h; sourceTree = "<group>"; };
		687C2F3316B7DD2B00E231F9 /* title_screen.caf */ = {isa = PBXFileReference; lastKnownFileType = file; path = title_screen.caf; sourceTree = "<group>"; };
		687C2F3516B7F67F00E231F9 /* assets.plist */ = {isa = PBXFileReference; fileEncoding = 4; lastKnownFileType = text.plist.xml; path = assets.plist; sourceTree = "<group>"; };
		687C2F3616B7F67F00E231F9 /* graphics.plist */ = {isa = PBXFileReference; fileEncoding = 4; lastKnownFileType = text.plist.xml; path = graphics.plist; sourceTree = "<group>"; };
		687C2F3716B7F67F00E231F9 /* levels.plist */ = {isa = PBXFileReference; fileEncoding = 4; lastKnownFileType = text.plist.xml; path = levels.plist; sourceTree = "<group>"; };
		687C2F4216B80EDC00E231F9 /* CGame.h */ = {isa = PBXFileReference; fileEncoding = 4; lastKnownFileType = sourcecode.c.h; path = CGame.h; sourceTree = "<group>"; };
		687C2F4316B80EDC00E231F9 /* CGame.m */ = {isa = PBXFileReference; fileEncoding = 4; lastKnownFileType = sourcecode.c.objc; path = CGame.m; sourceTree = "<group>"; };
		687C2F4B16B89EA300E231F9 /* CTitleScreenScene.m */ = {isa = PBXFileReference; fileEncoding = 4; lastKnownFileType = sourcecode.c.objc; name = CTitleScreenScene.m; path = GameScenes/CTitleScreenScene.m; sourceTree = "<group>"; };
		687C2F4C16B89EA300E231F9 /* CTitleScreenScene.h */ = {isa = PBXFileReference; fileEncoding = 4; lastKnownFileType = sourcecode.c.h; name = CTitleScreenScene.h; path = GameScenes/CTitleScreenScene.h; sourceTree = "<group>"; };
		687C2F4F16B8BAB100E231F9 /* title_screen_bg_01-ipad.png */ = {isa = PBXFileReference; lastKnownFileType = image.png; path = "title_screen_bg_01-ipad.png"; sourceTree = "<group>"; };
		687C2F5016B8BAB100E231F9 /* title_screen_bg_02-ipad.png */ = {isa = PBXFileReference; lastKnownFileType = image.png; path = "title_screen_bg_02-ipad.png"; sourceTree = "<group>"; };
		68918B94170E94F30061320C /* CHudLayer.m */ = {isa = PBXFileReference; fileEncoding = 4; lastKnownFileType = sourcecode.c.objc; name = CHudLayer.m; path = GameScenes/CHudLayer.m; sourceTree = "<group>"; };
		68918B95170E94F30061320C /* CHudLayer.h */ = {isa = PBXFileReference; fileEncoding = 4; lastKnownFileType = sourcecode.c.h; name = CHudLayer.h; path = GameScenes/CHudLayer.h; sourceTree = "<group>"; };
		68A1412216FC41DC00470272 /* ruff-sprite-sheet-ipad.pvr.ccz */ = {isa = PBXFileReference; lastKnownFileType = file; path = "ruff-sprite-sheet-ipad.pvr.ccz"; sourceTree = "<group>"; };
		68A1412316FC41DC00470272 /* ruff-sprite-sheet-ipadhd.pvr.ccz */ = {isa = PBXFileReference; lastKnownFileType = file; path = "ruff-sprite-sheet-ipadhd.pvr.ccz"; sourceTree = "<group>"; };
		68A1412416FC41DC00470272 /* ruff-sprite-sheet-ipad.plist */ = {isa = PBXFileReference; fileEncoding = 4; lastKnownFileType = text.plist.xml; path = "ruff-sprite-sheet-ipad.plist"; sourceTree = "<group>"; };
		68A1412516FC41DC00470272 /* ruff-sprite-sheet-ipadhd.plist */ = {isa = PBXFileReference; fileEncoding = 4; lastKnownFileType = text.plist.xml; path = "ruff-sprite-sheet-ipadhd.plist"; sourceTree = "<group>"; };
		68A1412A16FC43F400470272 /* titleFixed-ipadhd.png */ = {isa = PBXFileReference; lastKnownFileType = image.png; path = "titleFixed-ipadhd.png"; sourceTree = "<group>"; };
		68A1412C16FC446500470272 /* titleFixed-ipad.png */ = {isa = PBXFileReference; lastKnownFileType = image.png; path = "titleFixed-ipad.png"; sourceTree = "<group>"; };
		68A4C67D16D5FA38001E1934 /* CLevel.h */ = {isa = PBXFileReference; fileEncoding = 4; lastKnownFileType = sourcecode.c.h; path = CLevel.h; sourceTree = "<group>"; };
		68A4C67E16D5FA38001E1934 /* CLevel.m */ = {isa = PBXFileReference; fileEncoding = 4; lastKnownFileType = sourcecode.c.objc; path = CLevel.m; sourceTree = "<group>"; };
		68B0F3EA17191937004B86F9 /* platforms-sprite-sheet-ipad.pvr.ccz */ = {isa = PBXFileReference; lastKnownFileType = file; path = "platforms-sprite-sheet-ipad.pvr.ccz"; sourceTree = "<group>"; };
		68B0F3EB17191937004B86F9 /* platforms-sprite-sheet-ipadhd.pvr.ccz */ = {isa = PBXFileReference; lastKnownFileType = file; path = "platforms-sprite-sheet-ipadhd.pvr.ccz"; sourceTree = "<group>"; };
		68B0F3EC17191937004B86F9 /* platforms-sprite-sheet-ipad.plist */ = {isa = PBXFileReference; fileEncoding = 4; lastKnownFileType = text.plist.xml; path = "platforms-sprite-sheet-ipad.plist"; sourceTree = "<group>"; };
		68B0F3ED17191937004B86F9 /* platforms-sprite-sheet-ipadhd.plist */ = {isa = PBXFileReference; fileEncoding = 4; lastKnownFileType = text.plist.xml; path = "platforms-sprite-sheet-ipadhd.plist"; sourceTree = "<group>"; };
		68BD608816EC7FE800E1D70D /* blackPlatform-ipad.png */ = {isa = PBXFileReference; lastKnownFileType = image.png; path = "blackPlatform-ipad.png"; sourceTree = "<group>"; };
		68BD608916EC7FE800E1D70D /* blackPlatform-ipadhd.png */ = {isa = PBXFileReference; lastKnownFileType = image.png; path = "blackPlatform-ipadhd.png"; sourceTree = "<group>"; };
		68E8918B16F1A37300CDEED6 /* greenPlatform-ipad.png */ = {isa = PBXFileReference; lastKnownFileType = image.png; path = "greenPlatform-ipad.png"; sourceTree = "<group>"; };
		68E8918C16F1A37300CDEED6 /* greenPlatform-ipadhd.png */ = {isa = PBXFileReference; lastKnownFileType = image.png; path = "greenPlatform-ipadhd.png"; sourceTree = "<group>"; };
		68E8918F16F43DA300CDEED6 /* floor-ipad.png */ = {isa = PBXFileReference; lastKnownFileType = image.png; path = "floor-ipad.png"; sourceTree = "<group>"; };
		68E8919016F43DA300CDEED6 /* floor-ipadhd.png */ = {isa = PBXFileReference; lastKnownFileType = image.png; path = "floor-ipadhd.png"; sourceTree = "<group>"; };
		DC2721BC160CB0B200D88944 /* Default-568h@2x.png */ = {isa = PBXFileReference; lastKnownFileType = image.png; path = "Default-568h@2x.png"; sourceTree = "<group>"; };
		DC3BE97813B4FB71003739CC /* BuildSettings-iOS.xcconfig */ = {isa = PBXFileReference; lastKnownFileType = text.xcconfig; path = "BuildSettings-iOS.xcconfig"; sourceTree = "<group>"; };
		DC3C6FCC14B8BFEA00DAD281 /* fps_images-hd.png */ = {isa = PBXFileReference; lastKnownFileType = image.png; path = "fps_images-hd.png"; sourceTree = "<group>"; };
		DC485B0D13AA0E5600F2BC70 /* libchipmunk-mac.a */ = {isa = PBXFileReference; explicitFileType = archive.ar; path = "libchipmunk-mac.a"; sourceTree = BUILT_PRODUCTS_DIR; };
		DC485B1613AA0EBB00F2BC70 /* libbox2d-mac.a */ = {isa = PBXFileReference; explicitFileType = archive.ar; path = "libbox2d-mac.a"; sourceTree = BUILT_PRODUCTS_DIR; };
		DC485B4513AA18A600F2BC70 /* libcocosdenshion-mac.a */ = {isa = PBXFileReference; explicitFileType = archive.ar; path = "libcocosdenshion-mac.a"; sourceTree = BUILT_PRODUCTS_DIR; };
		DC65615013A969B600A7AC53 /* libbox2d-ios.a */ = {isa = PBXFileReference; explicitFileType = archive.ar; path = "libbox2d-ios.a"; sourceTree = BUILT_PRODUCTS_DIR; };
		DC65615113A969B600A7AC53 /* libchipmunk-ios.a */ = {isa = PBXFileReference; explicitFileType = archive.ar; path = "libchipmunk-ios.a"; sourceTree = BUILT_PRODUCTS_DIR; };
		DC65615213A969B600A7AC53 /* libchipmunk-spacemanager-ios.a */ = {isa = PBXFileReference; explicitFileType = archive.ar; path = "libchipmunk-spacemanager-ios.a"; sourceTree = BUILT_PRODUCTS_DIR; };
		DC65615413A969B600A7AC53 /* libcocos2d-extensions-ios.a */ = {isa = PBXFileReference; explicitFileType = archive.ar; path = "libcocos2d-extensions-ios.a"; sourceTree = BUILT_PRODUCTS_DIR; };
		DC65615513A969B600A7AC53 /* libcocos2d-ios.a */ = {isa = PBXFileReference; explicitFileType = archive.ar; path = "libcocos2d-ios.a"; sourceTree = BUILT_PRODUCTS_DIR; };
		DC65615613A969B600A7AC53 /* libcocos3d-ios.a */ = {isa = PBXFileReference; explicitFileType = archive.ar; path = "libcocos3d-ios.a"; sourceTree = BUILT_PRODUCTS_DIR; };
		DC65615713A969B600A7AC53 /* libcocosdenshion-ios.a */ = {isa = PBXFileReference; explicitFileType = archive.ar; path = "libcocosdenshion-ios.a"; sourceTree = BUILT_PRODUCTS_DIR; };
		DC65615813A969B600A7AC53 /* libkobold2d-ios.a */ = {isa = PBXFileReference; explicitFileType = archive.ar; path = "libkobold2d-ios.a"; sourceTree = BUILT_PRODUCTS_DIR; };
		DC65615913A969B600A7AC53 /* libobjectal-ios.a */ = {isa = PBXFileReference; explicitFileType = archive.ar; path = "libobjectal-ios.a"; sourceTree = BUILT_PRODUCTS_DIR; };
		DC65615A13A969B600A7AC53 /* libsneakyinput-ios.a */ = {isa = PBXFileReference; explicitFileType = archive.ar; path = "libsneakyinput-ios.a"; sourceTree = BUILT_PRODUCTS_DIR; };
		DC65618515114C6A00E59F8A /* fps_images-ipadhd.png */ = {isa = PBXFileReference; lastKnownFileType = image.png; path = "fps_images-ipadhd.png"; sourceTree = "<group>"; };
		DC979E3D13B35F8800656CB9 /* libcocos2d-extensions-mac.a */ = {isa = PBXFileReference; explicitFileType = archive.ar; path = "libcocos2d-extensions-mac.a"; sourceTree = BUILT_PRODUCTS_DIR; };
		DC979E5913B3607E00656CB9 /* libchipmunk-spacemanager-mac.a */ = {isa = PBXFileReference; explicitFileType = archive.ar; path = "libchipmunk-spacemanager-mac.a"; sourceTree = BUILT_PRODUCTS_DIR; };
		DC9C33E713B5024400931BF2 /* BuildSettings-Debug-Mac.xcconfig */ = {isa = PBXFileReference; lastKnownFileType = text.xcconfig; path = "BuildSettings-Debug-Mac.xcconfig"; sourceTree = "<group>"; };
		DC9C33E813B5024400931BF2 /* BuildSettings-Mac.xcconfig */ = {isa = PBXFileReference; lastKnownFileType = text.xcconfig; path = "BuildSettings-Mac.xcconfig"; sourceTree = "<group>"; };
		DC9C33E913B5024400931BF2 /* BuildSettings-Release-Mac.xcconfig */ = {isa = PBXFileReference; lastKnownFileType = text.xcconfig; path = "BuildSettings-Release-Mac.xcconfig"; sourceTree = "<group>"; };
		DCC1A0E313A94ED5005BD75D /* ruff_stuff-iOS.app */ = {isa = PBXFileReference; explicitFileType = wrapper.application; includeInIndex = 0; path = "ruff_stuff-iOS.app"; sourceTree = BUILT_PRODUCTS_DIR; };
		DCC1A0F913A94ED5005BD75D /* Default.png */ = {isa = PBXFileReference; lastKnownFileType = image.png; path = Default.png; sourceTree = "<group>"; };
		DCC1A0FB13A94ED5005BD75D /* fps_images.png */ = {isa = PBXFileReference; lastKnownFileType = image.png; path = fps_images.png; sourceTree = "<group>"; };
		DCC1A0FD13A94ED5005BD75D /* Icon-72.png */ = {isa = PBXFileReference; lastKnownFileType = image.png; path = "Icon-72.png"; sourceTree = "<group>"; };
		DCC1A0FF13A94ED5005BD75D /* Icon-Small-50.png */ = {isa = PBXFileReference; lastKnownFileType = image.png; path = "Icon-Small-50.png"; sourceTree = "<group>"; };
		DCC1A10113A94ED5005BD75D /* Icon-Small.png */ = {isa = PBXFileReference; lastKnownFileType = image.png; path = "Icon-Small.png"; sourceTree = "<group>"; };
		DCC1A10313A94ED5005BD75D /* Icon-Small@2x.png */ = {isa = PBXFileReference; lastKnownFileType = image.png; path = "Icon-Small@2x.png"; sourceTree = "<group>"; };
		DCC1A10513A94ED5005BD75D /* Icon.png */ = {isa = PBXFileReference; lastKnownFileType = image.png; path = Icon.png; sourceTree = "<group>"; };
		DCC1A10713A94ED5005BD75D /* Icon@2x.png */ = {isa = PBXFileReference; lastKnownFileType = image.png; path = "Icon@2x.png"; sourceTree = "<group>"; };
		DCC1A10913A94ED5005BD75D /* Info.plist */ = {isa = PBXFileReference; lastKnownFileType = text.plist.xml; path = Info.plist; sourceTree = "<group>"; };
		DCC1A10A13A94ED5005BD75D /* iTunesArtwork */ = {isa = PBXFileReference; lastKnownFileType = file; path = iTunesArtwork; sourceTree = "<group>"; };
		DCC1A25A13A94EE6005BD75D /* ruff_stuff-Mac.app */ = {isa = PBXFileReference; explicitFileType = wrapper.application; includeInIndex = 0; path = "ruff_stuff-Mac.app"; sourceTree = BUILT_PRODUCTS_DIR; };
		DCC1A26813A94EE6005BD75D /* English */ = {isa = PBXFileReference; lastKnownFileType = text.plist.strings; name = English; path = Resources/English.lproj/InfoPlist.strings; sourceTree = "<group>"; };
		DCC1A26B13A94EE6005BD75D /* English */ = {isa = PBXFileReference; lastKnownFileType = file.xib; name = English; path = Resources/English.lproj/MainMenu.xib; sourceTree = "<group>"; };
		DCC1A26D13A94EE6005BD75D /* fps_images.png */ = {isa = PBXFileReference; lastKnownFileType = image.png; name = fps_images.png; path = Resources/fps_images.png; sourceTree = "<group>"; };
		DCC1A26F13A94EE6005BD75D /* icon.icns */ = {isa = PBXFileReference; lastKnownFileType = image.icns; name = icon.icns; path = Resources/icon.icns; sourceTree = "<group>"; };
		DCC1A27113A94EE6005BD75D /* Info.plist */ = {isa = PBXFileReference; lastKnownFileType = text.plist.xml; name = Info.plist; path = Resources/Info.plist; sourceTree = "<group>"; };
		DCC1A38D13A94F1A005BD75D /* AppDelegate.h */ = {isa = PBXFileReference; fileEncoding = 4; lastKnownFileType = sourcecode.c.h; path = AppDelegate.h; sourceTree = "<group>"; };
		DCC1A38E13A94F1A005BD75D /* AppDelegate.m */ = {isa = PBXFileReference; fileEncoding = 4; lastKnownFileType = sourcecode.c.objc; path = AppDelegate.m; sourceTree = "<group>"; };
		DCC1A39113A94F1A005BD75D /* main.m */ = {isa = PBXFileReference; fileEncoding = 4; lastKnownFileType = sourcecode.c.objc; path = main.m; sourceTree = "<group>"; };
		DCC1A39213A94F1A005BD75D /* Prefix-iOS.pch */ = {isa = PBXFileReference; fileEncoding = 4; lastKnownFileType = sourcecode.c.h; path = "Prefix-iOS.pch"; sourceTree = "<group>"; };
		DCC1A39313A94F1A005BD75D /* Prefix-Mac.pch */ = {isa = PBXFileReference; fileEncoding = 4; lastKnownFileType = sourcecode.c.h; path = "Prefix-Mac.pch"; sourceTree = "<group>"; };
		DCC1A39513A94F1A005BD75D /* config.lua */ = {isa = PBXFileReference; explicitFileType = sourcecode.applescript; fileEncoding = 4; path = config.lua; sourceTree = "<group>"; };
		DCF95CC913A97EC500AE3B80 /* libcocos2d-mac.a */ = {isa = PBXFileReference; explicitFileType = archive.ar; path = "libcocos2d-mac.a"; sourceTree = BUILT_PRODUCTS_DIR; };
		DCF95CCB13A97EC500AE3B80 /* libkobold2d-mac.a */ = {isa = PBXFileReference; explicitFileType = archive.ar; path = "libkobold2d-mac.a"; sourceTree = BUILT_PRODUCTS_DIR; };
		DCFA90EF13B4F6F7009DD35A /* BuildSettings-Debug-iOS.xcconfig */ = {isa = PBXFileReference; lastKnownFileType = text.xcconfig; path = "BuildSettings-Debug-iOS.xcconfig"; sourceTree = "<group>"; };
		DCFA90F013B4F811009DD35A /* BuildSettings-Release-iOS.xcconfig */ = {isa = PBXFileReference; lastKnownFileType = text.xcconfig; path = "BuildSettings-Release-iOS.xcconfig"; sourceTree = "<group>"; };
		E618D2DB16B5E2B400CEF65F /* CActor.h */ = {isa = PBXFileReference; fileEncoding = 4; lastKnownFileType = sourcecode.c.h; path = CActor.h; sourceTree = "<group>"; };
		E618D31816B5E40900CEF65F /* CActor.m */ = {isa = PBXFileReference; fileEncoding = 4; lastKnownFileType = sourcecode.c.objc; path = CActor.m; sourceTree = "<group>"; };
/* End PBXFileReference section */

/* Begin PBXFrameworksBuildPhase section */
		DCC1A0E013A94ED5005BD75D /* Frameworks */ = {
			isa = PBXFrameworksBuildPhase;
			buildActionMask = 2147483647;
			files = (
				DC65615C13A969B600A7AC53 /* libbox2d-ios.a in Frameworks */,
				DC65615D13A969B600A7AC53 /* libchipmunk-ios.a in Frameworks */,
				DC65615E13A969B600A7AC53 /* libchipmunk-spacemanager-ios.a in Frameworks */,
				DC65616013A969B600A7AC53 /* libcocos2d-extensions-ios.a in Frameworks */,
				DC65616113A969B600A7AC53 /* libcocos2d-ios.a in Frameworks */,
				DC65616213A969B600A7AC53 /* libcocos3d-ios.a in Frameworks */,
				DC65616313A969B600A7AC53 /* libcocosdenshion-ios.a in Frameworks */,
				DC65616413A969B600A7AC53 /* libkobold2d-ios.a in Frameworks */,
				DC65616513A969B600A7AC53 /* libobjectal-ios.a in Frameworks */,
				DC65616613A969B600A7AC53 /* libsneakyinput-ios.a in Frameworks */,
			);
			runOnlyForDeploymentPostprocessing = 0;
		};
		DCC1A25713A94EE6005BD75D /* Frameworks */ = {
			isa = PBXFrameworksBuildPhase;
			buildActionMask = 2147483647;
			files = (
				DC979E5A13B3607E00656CB9 /* libchipmunk-spacemanager-mac.a in Frameworks */,
				DC979E3E13B35F8800656CB9 /* libcocos2d-extensions-mac.a in Frameworks */,
				DC485B4613AA18A600F2BC70 /* libcocosdenshion-mac.a in Frameworks */,
				DC485B1713AA0EBB00F2BC70 /* libbox2d-mac.a in Frameworks */,
				DC485B1113AA0E5600F2BC70 /* libchipmunk-mac.a in Frameworks */,
				DCF95CD213A97EC500AE3B80 /* libcocos2d-mac.a in Frameworks */,
				DCF95CD413A97EC500AE3B80 /* libkobold2d-mac.a in Frameworks */,
			);
			runOnlyForDeploymentPostprocessing = 0;
		};
/* End PBXFrameworksBuildPhase section */

/* Begin PBXGroup section */
		684546DB16C794B600AD018E /* ActorClasses */ = {
			isa = PBXGroup;
			children = (
				684546D616C7949800AD018E /* CYoungRuff.h */,
				684546D716C7949800AD018E /* CYoungRuff.m */,
			);
			name = ActorClasses;
			sourceTree = "<group>";
		};
		686D143A1729262000D43DBF /* ipadhd */ = {
			isa = PBXGroup;
			children = (
				686D143B1729262000D43DBF /* Act 01 */,
				686D14531729262000D43DBF /* Hud */,
			);
			path = ipadhd;
			sourceTree = "<group>";
		};
		686D143B1729262000D43DBF /* Act 01 */ = {
			isa = PBXGroup;
			children = (
				686D143C1729262000D43DBF /* Level 01 */,
			);
			path = "Act 01";
			sourceTree = "<group>";
		};
		686D143C1729262000D43DBF /* Level 01 */ = {
			isa = PBXGroup;
			children = (
				686D143D1729262000D43DBF /* Part 01 */,
				686D14521729262000D43DBF /* Part 02 */,
			);
			path = "Level 01";
			sourceTree = "<group>";
		};
		686D143D1729262000D43DBF /* Part 01 */ = {
			isa = PBXGroup;
			children = (
				686D143E1729262000D43DBF /* background */,
				686D14411729262000D43DBF /* farBackground */,
				686D14431729262000D43DBF /* floorForeground */,
				686D14471729262000D43DBF /* midground */,
				686D144B1729262000D43DBF /* skyBackground */,
			);
			path = "Part 01";
			sourceTree = "<group>";
		};
		686D143E1729262000D43DBF /* background */ = {
			isa = PBXGroup;
			children = (
				686D143F1729262000D43DBF /* act-01-level-01-part-01-background-001-ipadhd.png */,
				686D14401729262000D43DBF /* act-01-level-01-part-01-background-002-ipadhd.png */,
			);
			path = background;
			sourceTree = "<group>";
		};
		686D14411729262000D43DBF /* farBackground */ = {
			isa = PBXGroup;
			children = (
				686D14421729262000D43DBF /* act-01-level-01-part-01-farBackground-001-ipadhd.png */,
			);
			path = farBackground;
			sourceTree = "<group>";
		};
		686D14431729262000D43DBF /* floorForeground */ = {
			isa = PBXGroup;
			children = (
				686D14441729262000D43DBF /* act-01-level-01-part-01-floorForeground-001-ipadhd.png */,
				686D14451729262000D43DBF /* act-01-level-01-part-01-floorForeground-002-ipadhd.png */,
				686D14461729262000D43DBF /* act-01-level-01-part-01-floorForeground-003-ipadhd.png */,
			);
			path = floorForeground;
			sourceTree = "<group>";
		};
		686D14471729262000D43DBF /* midground */ = {
			isa = PBXGroup;
			children = (
				686D14481729262000D43DBF /* act-01-level-01-part-01-midground-001-ipadhd.png */,
				686D14491729262000D43DBF /* act-01-level-01-part-01-midground-002-ipadhd.png */,
				686D144A1729262000D43DBF /* act-01-level-01-part-01-midground-003-ipadhd.png */,
			);
			path = midground;
			sourceTree = "<group>";
		};
		686D144B1729262000D43DBF /* skyBackground */ = {
			isa = PBXGroup;
			children = (
				686D144C1729262000D43DBF /* act-01-level-01-part-01-skyBackground-001-ipadhd.png */,
				686D144D1729262000D43DBF /* act-01-level-01-part-01-skyBackground-002-ipadhd.png */,
				686D144E1729262000D43DBF /* act-01-level-01-part-01-skyBackground-003-ipadhd.png */,
				686D144F1729262000D43DBF /* act-01-level-01-part-01-skyBackground-004-ipadhd.png */,
				686D14501729262000D43DBF /* act-01-level-01-part-01-skyBackground-005-ipadhd.png */,
				686D14511729262000D43DBF /* act-01-level-01-part-01-skyBackground-006-ipadhd.png */,
			);
			path = skyBackground;
			sourceTree = "<group>";
		};
		686D14521729262000D43DBF /* Part 02 */ = {
			isa = PBXGroup;
			children = (
			);
			path = "Part 02";
			sourceTree = "<group>";
		};
		686D14531729262000D43DBF /* Hud */ = {
			isa = PBXGroup;
			children = (
				686D14541729262000D43DBF /* control-jump-attack-ipadhd.png */,
				686D14551729262000D43DBF /* control-left-right-ipadhd.png */,
			);
			path = Hud;
			sourceTree = "<group>";
		};
		686D14561729262000D43DBF /* ipad */ = {
			isa = PBXGroup;
			children = (
				686D14571729262000D43DBF /* Act 01 */,
				686D146F1729262000D43DBF /* Hud */,
			);
			path = ipad;
			sourceTree = "<group>";
		};
		686D14571729262000D43DBF /* Act 01 */ = {
			isa = PBXGroup;
			children = (
				686D14581729262000D43DBF /* Level 01 */,
			);
			path = "Act 01";
			sourceTree = "<group>";
		};
		686D14581729262000D43DBF /* Level 01 */ = {
			isa = PBXGroup;
			children = (
				686D14591729262000D43DBF /* Part 01 */,
				686D146E1729262000D43DBF /* Part 02 */,
			);
			path = "Level 01";
			sourceTree = "<group>";
		};
		686D14591729262000D43DBF /* Part 01 */ = {
			isa = PBXGroup;
			children = (
				686D145A1729262000D43DBF /* background */,
				686D145D1729262000D43DBF /* farBackground */,
				686D145F1729262000D43DBF /* floorBackground */,
				686D14631729262000D43DBF /* midground */,
				686D14671729262000D43DBF /* skyBackground */,
			);
			path = "Part 01";
			sourceTree = "<group>";
		};
		686D145A1729262000D43DBF /* background */ = {
			isa = PBXGroup;
			children = (
				686D145B1729262000D43DBF /* act-01-level-01-part-01-background-001-ipad.png */,
				686D145C1729262000D43DBF /* act-01-level-01-part-01-background-002-ipad.png */,
			);
			path = background;
			sourceTree = "<group>";
		};
		686D145D1729262000D43DBF /* farBackground */ = {
			isa = PBXGroup;
			children = (
				686D145E1729262000D43DBF /* act-01-level-01-part-01-farBackground-001-ipad.png */,
			);
			path = farBackground;
			sourceTree = "<group>";
		};
		686D145F1729262000D43DBF /* floorBackground */ = {
			isa = PBXGroup;
			children = (
				686D14601729262000D43DBF /* act-01-level-01-part-01-floorForeground-001-ipad.png */,
				686D14611729262000D43DBF /* act-01-level-01-part-01-floorForeground-002-ipad.png */,
				686D14621729262000D43DBF /* act-01-level-01-part-01-floorForeground-003-ipad.png */,
			);
			path = floorBackground;
			sourceTree = "<group>";
		};
		686D14631729262000D43DBF /* midground */ = {
			isa = PBXGroup;
			children = (
				686D14641729262000D43DBF /* act-01-level-01-part-01-midground-001-ipad.png */,
				686D14651729262000D43DBF /* act-01-level-01-part-01-midground-002-ipad.png */,
				686D14661729262000D43DBF /* act-01-level-01-part-01-midground-003-ipad.png */,
			);
			path = midground;
			sourceTree = "<group>";
		};
		686D14671729262000D43DBF /* skyBackground */ = {
			isa = PBXGroup;
			children = (
				686D14681729262000D43DBF /* act-01-level-01-part-01-skyBackground-001-ipad.png */,
				686D14691729262000D43DBF /* act-01-level-01-part-01-skyBackground-002-ipad.png */,
				686D146A1729262000D43DBF /* act-01-level-01-part-01-skyBackground-003-ipad.png */,
				686D146B1729262000D43DBF /* act-01-level-01-part-01-skyBackground-004-ipad.png */,
				686D146C1729262000D43DBF /* act-01-level-01-part-01-skyBackground-005-ipad.png */,
				686D146D1729262000D43DBF /* act-01-level-01-part-01-skyBackground-006-ipad.png */,
			);
			path = skyBackground;
			sourceTree = "<group>";
		};
		686D146E1729262000D43DBF /* Part 02 */ = {
			isa = PBXGroup;
			children = (
			);
			path = "Part 02";
			sourceTree = "<group>";
		};
		686D146F1729262000D43DBF /* Hud */ = {
			isa = PBXGroup;
			children = (
				686D14701729262000D43DBF /* control-jump-attack-ipad.png */,
				686D14711729262000D43DBF /* control-left-right-ipad.png */,
			);
			path = Hud;
			sourceTree = "<group>";
		};
		687BA00816F8153B00CECAB6 /* ExtendedClasses */ = {
			isa = PBXGroup;
			children = (
				687BA00C16F99A5900CECAB6 /* CCSpriteFrameExtended.h */,
				687BA00B16F99A5900CECAB6 /* CCSpriteFrameExtended.m */,
				687BA00616F8153300CECAB6 /* KKMutablePixelMaskSprite.h */,
				687BA00516F8153300CECAB6 /* KKMutablePixelMaskSprite.m */,
			);
			name = ExtendedClasses;
			sourceTree = "<group>";
		};
		687C2F3E16B7F73300E231F9 /* Configuration Files */ = {
			isa = PBXGroup;
			children = (
				DCC1A39513A94F1A005BD75D /* config.lua */,
				687C2F3516B7F67F00E231F9 /* assets.plist */,
				682E5E2216D8950300820D6A /* actors.plist */,
				6827A82A16B4F3C3007EA9D2 /* audio.plist */,
				687C2F3616B7F67F00E231F9 /* graphics.plist */,
				687C2F3716B7F67F00E231F9 /* levels.plist */,
				682E5E2816DC4A7F00820D6A /* world.plist */,
			);
			name = "Configuration Files";
			sourceTree = "<group>";
		};
		687C2F4A16B89DF300E231F9 /* GameScenes */ = {
			isa = PBXGroup;
			children = (
				68918B95170E94F30061320C /* CHudLayer.h */,
				68918B94170E94F30061320C /* CHudLayer.m */,
				684546DD16C79CD100AD018E /* CGameMechanicsScene.h */,
				684546DC16C79CD100AD018E /* CGameMechanicsScene.m */,
				687C2F4C16B89EA300E231F9 /* CTitleScreenScene.h */,
				687C2F4B16B89EA300E231F9 /* CTitleScreenScene.m */,
			);
			name = GameScenes;
			sourceTree = "<group>";
		};
		687C2F5416B8BAB900E231F9 /* HD Files */ = {
			isa = PBXGroup;
			children = (
				68E8919016F43DA300CDEED6 /* floor-ipadhd.png */,
				68E8918C16F1A37300CDEED6 /* greenPlatform-ipadhd.png */,
				68BD608916EC7FE800E1D70D /* blackPlatform-ipadhd.png */,
				682E5E2516DB3DE200820D6A /* ruffReady-ipadhd.png */,
				684546E916C8057200AD018E /* RuffSide-ipad.png */,
				684546E316C8053900AD018E /* title_screen_bg_01-ipadhd.png */,
				684546E416C8053900AD018E /* title_screen_bg_02-ipadhd.png */,
			);
			name = "HD Files";
			sourceTree = "<group>";
		};
		68A60AF216F54D7500EB7970 /* Animations */ = {
			isa = PBXGroup;
			children = (
				68A60AF316F54D8000EB7970 /* Ruff */,
			);
			name = Animations;
			sourceTree = "<group>";
		};
		68A60AF316F54D8000EB7970 /* Ruff */ = {
			isa = PBXGroup;
			children = (
				68A1412216FC41DC00470272 /* ruff-sprite-sheet-ipad.pvr.ccz */,
				68A1412316FC41DC00470272 /* ruff-sprite-sheet-ipadhd.pvr.ccz */,
				68A1412416FC41DC00470272 /* ruff-sprite-sheet-ipad.plist */,
				68A1412516FC41DC00470272 /* ruff-sprite-sheet-ipadhd.plist */,
			);
			name = Ruff;
			sourceTree = "<group>";
		};
		BA2DF34B16B3A1340013DE12 /* EmiBear */ = {
			isa = PBXGroup;
			children = (
			);
			name = EmiBear;
			sourceTree = "<group>";
		};
		DCC1A0D613A94EC0005BD75D = {
			isa = PBXGroup;
			children = (
				DCC1A38C13A94F1A005BD75D /* Projectfiles */,
				DCC1A0F713A94ED5005BD75D /* Projectfiles-iOS */,
				DCC1A26413A94EE6005BD75D /* Projectfiles-Mac */,
				DCFA90ED13B4F6A0009DD35A /* BuildSettings */,
				DCC1A0E613A94ED5005BD75D /* Frameworks */,
				DCC1A0E413A94ED5005BD75D /* Products */,
			);
			sourceTree = "<group>";
		};
		DCC1A0E413A94ED5005BD75D /* Products */ = {
			isa = PBXGroup;
			children = (
				DCC1A0E313A94ED5005BD75D /* ruff_stuff-iOS.app */,
				DCC1A25A13A94EE6005BD75D /* ruff_stuff-Mac.app */,
			);
			name = Products;
			sourceTree = "<group>";
		};
		DCC1A0E613A94ED5005BD75D /* Frameworks */ = {
			isa = PBXGroup;
			children = (
			);
			name = Frameworks;
			sourceTree = "<group>";
		};
		DCC1A0F713A94ED5005BD75D /* Projectfiles-iOS */ = {
			isa = PBXGroup;
			children = (
				DCC1A0F813A94ED5005BD75D /* Resources */,
			);
			path = "Projectfiles-iOS";
			sourceTree = "<group>";
		};
		DCC1A0F813A94ED5005BD75D /* Resources */ = {
			isa = PBXGroup;
			children = (
				BA2DF34B16B3A1340013DE12 /* EmiBear */,
				DC2721BC160CB0B200D88944 /* Default-568h@2x.png */,
				DCC1A0F913A94ED5005BD75D /* Default.png */,
				DCC1A0FB13A94ED5005BD75D /* fps_images.png */,
				DC3C6FCC14B8BFEA00DAD281 /* fps_images-hd.png */,
				DC65618515114C6A00E59F8A /* fps_images-ipadhd.png */,
				DCC1A0FD13A94ED5005BD75D /* Icon-72.png */,
				DCC1A0FF13A94ED5005BD75D /* Icon-Small-50.png */,
				DCC1A10113A94ED5005BD75D /* Icon-Small.png */,
				DCC1A10313A94ED5005BD75D /* Icon-Small@2x.png */,
				DCC1A10513A94ED5005BD75D /* Icon.png */,
				DCC1A10713A94ED5005BD75D /* Icon@2x.png */,
				DCC1A10913A94ED5005BD75D /* Info.plist */,
				DCC1A10A13A94ED5005BD75D /* iTunesArtwork */,
			);
			path = Resources;
			sourceTree = "<group>";
		};
		DCC1A26413A94EE6005BD75D /* Projectfiles-Mac */ = {
			isa = PBXGroup;
			children = (
				DCC1A26513A94EE6005BD75D /* Resources */,
			);
			path = "Projectfiles-Mac";
			sourceTree = "<group>";
		};
		DCC1A26513A94EE6005BD75D /* Resources */ = {
			isa = PBXGroup;
			children = (
				DCC1A26D13A94EE6005BD75D /* fps_images.png */,
				DCC1A26F13A94EE6005BD75D /* icon.icns */,
				DCC1A27113A94EE6005BD75D /* Info.plist */,
				DCC1A26613A94EE6005BD75D /* English.lproj */,
			);
			name = Resources;
			sourceTree = "<group>";
		};
		DCC1A26613A94EE6005BD75D /* English.lproj */ = {
			isa = PBXGroup;
			children = (
				DCC1A26713A94EE6005BD75D /* InfoPlist.strings */,
				DCC1A26A13A94EE6005BD75D /* MainMenu.xib */,
			);
			name = English.lproj;
			sourceTree = "<group>";
		};
		DCC1A38C13A94F1A005BD75D /* Projectfiles */ = {
			isa = PBXGroup;
			children = (
				687BA00816F8153B00CECAB6 /* ExtendedClasses */,
				684546DB16C794B600AD018E /* ActorClasses */,
				687C2F4A16B89DF300E231F9 /* GameScenes */,
				DCC1A38D13A94F1A005BD75D /* AppDelegate.h */,
				DCC1A38E13A94F1A005BD75D /* AppDelegate.m */,
				E618D2DB16B5E2B400CEF65F /* CActor.h */,
				E618D31816B5E40900CEF65F /* CActor.m */,
				687C2F4216B80EDC00E231F9 /* CGame.h */,
				687C2F4316B80EDC00E231F9 /* CGame.m */,
				68A4C67D16D5FA38001E1934 /* CLevel.h */,
				68A4C67E16D5FA38001E1934 /* CLevel.m */,
				6827A81F16B4D13F007EA9D2 /* CWorld.h */,
				6827A82016B4D13F007EA9D2 /* CWorld.m */,
				DCC1A39413A94F1A005BD75D /* Resources */,
				DCC1A3CF13A94F2C005BD75D /* Supporting Files */,
			);
			path = Projectfiles;
			sourceTree = "<group>";
		};
		DCC1A39413A94F1A005BD75D /* Resources */ = {
			isa = PBXGroup;
			children = (
				686D143A1729262000D43DBF /* ipadhd */,
				686D14561729262000D43DBF /* ipad */,
				E654E3F916FEAF130057B533 /* Platforms */,
				68A1412A16FC43F400470272 /* titleFixed-ipadhd.png */,
				68A1412C16FC446500470272 /* titleFixed-ipad.png */,
				68A60AF216F54D7500EB7970 /* Animations */,
				687C2F3E16B7F73300E231F9 /* Configuration Files */,
				687C2F5416B8BAB900E231F9 /* HD Files */,
				682E5E2416DB3DE200820D6A /* ruffReady-ipad.png */,
				68E8918F16F43DA300CDEED6 /* floor-ipad.png */,
				684546E716C8056400AD018E /* RuffSide-ipadhd.png */,
				68E8918B16F1A37300CDEED6 /* greenPlatform-ipad.png */,
				68BD608816EC7FE800E1D70D /* blackPlatform-ipad.png */,
				687C2F4F16B8BAB100E231F9 /* title_screen_bg_01-ipad.png */,
				687C2F5016B8BAB100E231F9 /* title_screen_bg_02-ipad.png */,
				686CD76616BB826500E1D733 /* intro_256.caf */,
				687C2F3316B7DD2B00E231F9 /* title_screen.caf */,
				682E1ADF16B94D440051C33A /* select_item.wav */,
				686CD76816BBB4F700E1D733 /* young_ruff_dash_attack-ipadhd.mp4 */,
			);
			path = Resources;
			sourceTree = "<group>";
		};
		DCC1A3CF13A94F2C005BD75D /* Supporting Files */ = {
			isa = PBXGroup;
			children = (
				DCC1A39113A94F1A005BD75D /* main.m */,
				DCC1A39213A94F1A005BD75D /* Prefix-iOS.pch */,
				DCC1A39313A94F1A005BD75D /* Prefix-Mac.pch */,
			);
			name = "Supporting Files";
			sourceTree = "<group>";
		};
		DCFA90ED13B4F6A0009DD35A /* BuildSettings */ = {
			isa = PBXGroup;
			children = (
				DCFA90EF13B4F6F7009DD35A /* BuildSettings-Debug-iOS.xcconfig */,
				DCFA90F013B4F811009DD35A /* BuildSettings-Release-iOS.xcconfig */,
				DC3BE97813B4FB71003739CC /* BuildSettings-iOS.xcconfig */,
				DC9C33E713B5024400931BF2 /* BuildSettings-Debug-Mac.xcconfig */,
				DC9C33E913B5024400931BF2 /* BuildSettings-Release-Mac.xcconfig */,
				DC9C33E813B5024400931BF2 /* BuildSettings-Mac.xcconfig */,
			);
			path = BuildSettings;
			sourceTree = "<group>";
		};
		E654E3F916FEAF130057B533 /* Platforms */ = {
			isa = PBXGroup;
			children = (
				68B0F3EA17191937004B86F9 /* platforms-sprite-sheet-ipad.pvr.ccz */,
				68B0F3EB17191937004B86F9 /* platforms-sprite-sheet-ipadhd.pvr.ccz */,
				68B0F3EC17191937004B86F9 /* platforms-sprite-sheet-ipad.plist */,
				68B0F3ED17191937004B86F9 /* platforms-sprite-sheet-ipadhd.plist */,
			);
			name = Platforms;
			sourceTree = "<group>";
		};
/* End PBXGroup section */

/* Begin PBXNativeTarget section */
		DCC1A0E213A94ED5005BD75D /* ruff_stuff-iOS */ = {
			isa = PBXNativeTarget;
			buildConfigurationList = DCC1A25313A94ED7005BD75D /* Build configuration list for PBXNativeTarget "ruff_stuff-iOS" */;
			buildPhases = (
				DCC1A0DF13A94ED5005BD75D /* Sources */,
				DCC1A0E013A94ED5005BD75D /* Frameworks */,
				DCC1A0E113A94ED5005BD75D /* Resources */,
			);
			buildRules = (
			);
			dependencies = (
			);
			name = "ruff_stuff-iOS";
			productName = "Hello-World-iOS";
			productReference = DCC1A0E313A94ED5005BD75D /* ruff_stuff-iOS.app */;
			productType = "com.apple.product-type.application";
		};
		DCC1A25913A94EE6005BD75D /* ruff_stuff-Mac */ = {
			isa = PBXNativeTarget;
			buildConfigurationList = DCC1A38913A94EE7005BD75D /* Build configuration list for PBXNativeTarget "ruff_stuff-Mac" */;
			buildPhases = (
				DCC1A25613A94EE6005BD75D /* Sources */,
				DCC1A25713A94EE6005BD75D /* Frameworks */,
				DCC1A25813A94EE6005BD75D /* Resources */,
			);
			buildRules = (
			);
			dependencies = (
			);
			name = "ruff_stuff-Mac";
			productName = "Hello-World-Mac";
			productReference = DCC1A25A13A94EE6005BD75D /* ruff_stuff-Mac.app */;
			productType = "com.apple.product-type.application";
		};
/* End PBXNativeTarget section */

/* Begin PBXProject section */
		DCC1A0D813A94EC0005BD75D /* Project object */ = {
			isa = PBXProject;
			attributes = {
				LastUpgradeCheck = 0450;
			};
			buildConfigurationList = DCC1A0DB13A94EC0005BD75D /* Build configuration list for PBXProject "ruff_stuff" */;
			compatibilityVersion = "Xcode 3.2";
			developmentRegion = English;
			hasScannedForEncodings = 0;
			knownRegions = (
				en,
				English,
			);
			mainGroup = DCC1A0D613A94EC0005BD75D;
			productRefGroup = DCC1A0E413A94ED5005BD75D /* Products */;
			projectDirPath = "";
			projectRoot = "";
			targets = (
				DCC1A0E213A94ED5005BD75D /* ruff_stuff-iOS */,
				DCC1A25913A94EE6005BD75D /* ruff_stuff-Mac */,
			);
		};
/* End PBXProject section */

/* Begin PBXResourcesBuildPhase section */
		DCC1A0E113A94ED5005BD75D /* Resources */ = {
			isa = PBXResourcesBuildPhase;
			buildActionMask = 2147483647;
			files = (
				DCC1A0FA13A94ED5005BD75D /* Default.png in Resources */,
				DCC1A0FC13A94ED5005BD75D /* fps_images.png in Resources */,
				DCC1A0FE13A94ED5005BD75D /* Icon-72.png in Resources */,
				DCC1A10013A94ED5005BD75D /* Icon-Small-50.png in Resources */,
				DCC1A10213A94ED5005BD75D /* Icon-Small.png in Resources */,
				DCC1A10413A94ED5005BD75D /* Icon-Small@2x.png in Resources */,
				DCC1A10613A94ED5005BD75D /* Icon.png in Resources */,
				DCC1A10813A94ED5005BD75D /* Icon@2x.png in Resources */,
				DCC1A10B13A94ED5005BD75D /* iTunesArtwork in Resources */,
				DCC1A3AF13A94F1A005BD75D /* config.lua in Resources */,
				DC3C6FCD14B8BFEA00DAD281 /* fps_images-hd.png in Resources */,
				DC65618615114C6A00E59F8A /* fps_images-ipadhd.png in Resources */,
				DC2721BD160CB0B200D88944 /* Default-568h@2x.png in Resources */,
				6827A82B16B4F3C3007EA9D2 /* audio.plist in Resources */,
				687C2F3416B7DD2B00E231F9 /* title_screen.caf in Resources */,
				687C2F3916B7F67F00E231F9 /* assets.plist in Resources */,
				687C2F3A16B7F67F00E231F9 /* graphics.plist in Resources */,
				687C2F3B16B7F67F00E231F9 /* levels.plist in Resources */,
				687C2F5216B8BAB200E231F9 /* title_screen_bg_01-ipad.png in Resources */,
				687C2F5316B8BAB200E231F9 /* title_screen_bg_02-ipad.png in Resources */,
				682E1AE016B94D440051C33A /* select_item.wav in Resources */,
				686CD76716BB826500E1D733 /* intro_256.caf in Resources */,
				686CD76916BBB4F700E1D733 /* young_ruff_dash_attack-ipadhd.mp4 in Resources */,
				684546E516C8053900AD018E /* title_screen_bg_01-ipadhd.png in Resources */,
				684546E616C8053900AD018E /* title_screen_bg_02-ipadhd.png in Resources */,
				684546E816C8056400AD018E /* RuffSide-ipadhd.png in Resources */,
				684546EA16C8057200AD018E /* RuffSide-ipad.png in Resources */,
				682E5E2316D8950300820D6A /* actors.plist in Resources */,
				682E5E2616DB3DE200820D6A /* ruffReady-ipad.png in Resources */,
				682E5E2716DB3DE200820D6A /* ruffReady-ipadhd.png in Resources */,
				682E5E2916DC4A7F00820D6A /* world.plist in Resources */,
				68BD608A16EC7FE800E1D70D /* blackPlatform-ipad.png in Resources */,
				68BD608B16EC7FE800E1D70D /* blackPlatform-ipadhd.png in Resources */,
				68E8918D16F1A37300CDEED6 /* greenPlatform-ipad.png in Resources */,
				68E8918E16F1A37300CDEED6 /* greenPlatform-ipadhd.png in Resources */,
				68E8919116F43DA300CDEED6 /* floor-ipad.png in Resources */,
				68E8919216F43DA300CDEED6 /* floor-ipadhd.png in Resources */,
				68A1412616FC41DC00470272 /* ruff-sprite-sheet-ipad.pvr.ccz in Resources */,
				68A1412716FC41DC00470272 /* ruff-sprite-sheet-ipadhd.pvr.ccz in Resources */,
				68A1412816FC41DC00470272 /* ruff-sprite-sheet-ipad.plist in Resources */,
				68A1412916FC41DC00470272 /* ruff-sprite-sheet-ipadhd.plist in Resources */,
				68A1412B16FC43F400470272 /* titleFixed-ipadhd.png in Resources */,
				68A1412D16FC446500470272 /* titleFixed-ipad.png in Resources */,
				68B0F3EE17191937004B86F9 /* platforms-sprite-sheet-ipad.pvr.ccz in Resources */,
				68B0F3EF17191937004B86F9 /* platforms-sprite-sheet-ipadhd.pvr.ccz in Resources */,
				68B0F3F017191937004B86F9 /* platforms-sprite-sheet-ipad.plist in Resources */,
				68B0F3F117191937004B86F9 /* platforms-sprite-sheet-ipadhd.plist in Resources */,
				686D14721729262000D43DBF /* act-01-level-01-part-01-background-001-ipadhd.png in Resources */,
				686D14731729262000D43DBF /* act-01-level-01-part-01-background-002-ipadhd.png in Resources */,
				686D14741729262000D43DBF /* act-01-level-01-part-01-farBackground-001-ipadhd.png in Resources */,
				686D14751729262000D43DBF /* act-01-level-01-part-01-floorForeground-001-ipadhd.png in Resources */,
				686D14761729262000D43DBF /* act-01-level-01-part-01-floorForeground-002-ipadhd.png in Resources */,
				686D14771729262000D43DBF /* act-01-level-01-part-01-floorForeground-003-ipadhd.png in Resources */,
				686D14781729262000D43DBF /* act-01-level-01-part-01-midground-001-ipadhd.png in Resources */,
				686D14791729262000D43DBF /* act-01-level-01-part-01-midground-002-ipadhd.png in Resources */,
				686D147A1729262000D43DBF /* act-01-level-01-part-01-midground-003-ipadhd.png in Resources */,
				686D147B1729262000D43DBF /* act-01-level-01-part-01-skyBackground-001-ipadhd.png in Resources */,
				686D147C1729262000D43DBF /* act-01-level-01-part-01-skyBackground-002-ipadhd.png in Resources */,
				686D147D1729262000D43DBF /* act-01-level-01-part-01-skyBackground-003-ipadhd.png in Resources */,
				686D147E1729262000D43DBF /* act-01-level-01-part-01-skyBackground-004-ipadhd.png in Resources */,
				686D147F1729262000D43DBF /* act-01-level-01-part-01-skyBackground-005-ipadhd.png in Resources */,
				686D14801729262000D43DBF /* act-01-level-01-part-01-skyBackground-006-ipadhd.png in Resources */,
				686D14811729262000D43DBF /* control-jump-attack-ipadhd.png in Resources */,
				686D14821729262000D43DBF /* control-left-right-ipadhd.png in Resources */,
				686D14831729262000D43DBF /* act-01-level-01-part-01-background-001-ipad.png in Resources */,
				686D14841729262000D43DBF /* act-01-level-01-part-01-background-002-ipad.png in Resources */,
				686D14851729262000D43DBF /* act-01-level-01-part-01-farBackground-001-ipad.png in Resources */,
				686D14861729262000D43DBF /* act-01-level-01-part-01-floorForeground-001-ipad.png in Resources */,
				686D14871729262000D43DBF /* act-01-level-01-part-01-floorForeground-002-ipad.png in Resources */,
				686D14881729262000D43DBF /* act-01-level-01-part-01-floorForeground-003-ipad.png in Resources */,
				686D14891729262000D43DBF /* act-01-level-01-part-01-midground-001-ipad.png in Resources */,
				686D148A1729262000D43DBF /* act-01-level-01-part-01-midground-002-ipad.png in Resources */,
				686D148B1729262000D43DBF /* act-01-level-01-part-01-midground-003-ipad.png in Resources */,
				686D148C1729262000D43DBF /* act-01-level-01-part-01-skyBackground-001-ipad.png in Resources */,
				686D148D1729262000D43DBF /* act-01-level-01-part-01-skyBackground-002-ipad.png in Resources */,
				686D148E1729262000D43DBF /* act-01-level-01-part-01-skyBackground-003-ipad.png in Resources */,
				686D148F1729262000D43DBF /* act-01-level-01-part-01-skyBackground-004-ipad.png in Resources */,
				686D14901729262000D43DBF /* act-01-level-01-part-01-skyBackground-005-ipad.png in Resources */,
				686D14911729262000D43DBF /* act-01-level-01-part-01-skyBackground-006-ipad.png in Resources */,
				686D14921729262000D43DBF /* control-jump-attack-ipad.png in Resources */,
				686D14931729262000D43DBF /* control-left-right-ipad.png in Resources */,
			);
			runOnlyForDeploymentPostprocessing = 0;
		};
		DCC1A25813A94EE6005BD75D /* Resources */ = {
			isa = PBXResourcesBuildPhase;
			buildActionMask = 2147483647;
			files = (
				DCC1A26913A94EE6005BD75D /* InfoPlist.strings in Resources */,
				DCC1A26C13A94EE6005BD75D /* MainMenu.xib in Resources */,
				DCC1A26E13A94EE6005BD75D /* fps_images.png in Resources */,
				DCC1A27013A94EE6005BD75D /* icon.icns in Resources */,
				DCC1A3B013A94F1A005BD75D /* config.lua in Resources */,
				DC3C6FCE14B8BFEA00DAD281 /* fps_images-hd.png in Resources */,
			);
			runOnlyForDeploymentPostprocessing = 0;
		};
/* End PBXResourcesBuildPhase section */

/* Begin PBXSourcesBuildPhase section */
		DCC1A0DF13A94ED5005BD75D /* Sources */ = {
			isa = PBXSourcesBuildPhase;
			buildActionMask = 2147483647;
			files = (
				DCC1A3A913A94F1A005BD75D /* AppDelegate.m in Sources */,
				DCC1A3AD13A94F1A005BD75D /* main.m in Sources */,
				6827A82916B4D13F007EA9D2 /* CWorld.m in Sources */,
				E618D31916B5E40900CEF65F /* CActor.m in Sources */,
				687C2F4416B80EDD00E231F9 /* CGame.m in Sources */,
				687C2F4D16B89EA300E231F9 /* CTitleScreenScene.m in Sources */,
				684546D816C7949800AD018E /* CYoungRuff.m in Sources */,
				684546DE16C79CD100AD018E /* CGameMechanicsScene.m in Sources */,
				68A4C67F16D5FA38001E1934 /* CLevel.m in Sources */,
				687BA00716F8153300CECAB6 /* KKMutablePixelMaskSprite.m in Sources */,
				687BA00D16F99A5900CECAB6 /* CCSpriteFrameExtended.m in Sources */,
				68918B96170E94F30061320C /* CHudLayer.m in Sources */,
			);
			runOnlyForDeploymentPostprocessing = 0;
		};
		DCC1A25613A94EE6005BD75D /* Sources */ = {
			isa = PBXSourcesBuildPhase;
			buildActionMask = 2147483647;
			files = (
				DCC1A3AA13A94F1A005BD75D /* AppDelegate.m in Sources */,
				DCC1A3AE13A94F1A005BD75D /* main.m in Sources */,
			);
			runOnlyForDeploymentPostprocessing = 0;
		};
/* End PBXSourcesBuildPhase section */

/* Begin PBXVariantGroup section */
		DCC1A26713A94EE6005BD75D /* InfoPlist.strings */ = {
			isa = PBXVariantGroup;
			children = (
				DCC1A26813A94EE6005BD75D /* English */,
			);
			name = InfoPlist.strings;
			sourceTree = "<group>";
		};
		DCC1A26A13A94EE6005BD75D /* MainMenu.xib */ = {
			isa = PBXVariantGroup;
			children = (
				DCC1A26B13A94EE6005BD75D /* English */,
			);
			name = MainMenu.xib;
			sourceTree = "<group>";
		};
/* End PBXVariantGroup section */

/* Begin XCBuildConfiguration section */
		DCC1A0DD13A94EC0005BD75D /* Debug */ = {
			isa = XCBuildConfiguration;
			buildSettings = {
				ONLY_ACTIVE_ARCH = NO;
			};
			name = Debug;
		};
		DCC1A0DE13A94EC0005BD75D /* Release */ = {
			isa = XCBuildConfiguration;
			buildSettings = {
				ONLY_ACTIVE_ARCH = NO;
			};
			name = Release;
		};
		DCC1A25413A94ED7005BD75D /* Debug */ = {
			isa = XCBuildConfiguration;
			baseConfigurationReference = DCFA90EF13B4F6F7009DD35A /* BuildSettings-Debug-iOS.xcconfig */;
			buildSettings = {
				LIBRARY_SEARCH_PATHS = "$(inherited)";
				TARGETED_DEVICE_FAMILY = "1,2";
			};
			name = Debug;
		};
		DCC1A25513A94ED7005BD75D /* Release */ = {
			isa = XCBuildConfiguration;
			baseConfigurationReference = DCFA90F013B4F811009DD35A /* BuildSettings-Release-iOS.xcconfig */;
			buildSettings = {
				LIBRARY_SEARCH_PATHS = "$(inherited)";
				TARGETED_DEVICE_FAMILY = "1,2";
			};
			name = Release;
		};
		DCC1A38A13A94EE7005BD75D /* Debug */ = {
			isa = XCBuildConfiguration;
			baseConfigurationReference = DC9C33E713B5024400931BF2 /* BuildSettings-Debug-Mac.xcconfig */;
			buildSettings = {
				COMBINE_HIDPI_IMAGES = YES;
			};
			name = Debug;
		};
		DCC1A38B13A94EE7005BD75D /* Release */ = {
			isa = XCBuildConfiguration;
			baseConfigurationReference = DC9C33E913B5024400931BF2 /* BuildSettings-Release-Mac.xcconfig */;
			buildSettings = {
				COMBINE_HIDPI_IMAGES = YES;
			};
			name = Release;
		};
/* End XCBuildConfiguration section */

/* Begin XCConfigurationList section */
		DCC1A0DB13A94EC0005BD75D /* Build configuration list for PBXProject "ruff_stuff" */ = {
			isa = XCConfigurationList;
			buildConfigurations = (
				DCC1A0DD13A94EC0005BD75D /* Debug */,
				DCC1A0DE13A94EC0005BD75D /* Release */,
			);
			defaultConfigurationIsVisible = 0;
			defaultConfigurationName = Release;
		};
		DCC1A25313A94ED7005BD75D /* Build configuration list for PBXNativeTarget "ruff_stuff-iOS" */ = {
			isa = XCConfigurationList;
			buildConfigurations = (
				DCC1A25413A94ED7005BD75D /* Debug */,
				DCC1A25513A94ED7005BD75D /* Release */,
			);
			defaultConfigurationIsVisible = 0;
			defaultConfigurationName = Release;
		};
		DCC1A38913A94EE7005BD75D /* Build configuration list for PBXNativeTarget "ruff_stuff-Mac" */ = {
			isa = XCConfigurationList;
			buildConfigurations = (
				DCC1A38A13A94EE7005BD75D /* Debug */,
				DCC1A38B13A94EE7005BD75D /* Release */,
			);
			defaultConfigurationIsVisible = 0;
			defaultConfigurationName = Release;
		};
/* End XCConfigurationList section */
	};
	rootObject = DCC1A0D813A94EC0005BD75D /* Project object */;
}
